
Microsoft Visual Studio Solution File, Format Version 12.00
# Visual Studio Version 16
VisualStudioVersion = 16.0.32126.315
MinimumVisualStudioVersion = 10.0.40219.1
Project("{FAE04EC0-301F-11D3-BF4B-00C04F79EFBC}") = "CollectionHomework", "CollectionHomework\CollectionHomework.csproj", "{400B4AF9-A262-4164-8FFC-F2CC4C2CA951}"
EndProject
Project("{FAE04EC0-301F-11D3-BF4B-00C04F79EFBC}") = "Models", "ClassLibrary1\Models.csproj", "{7EFED444-515E-477F-8340-508FC85F3E86}"
EndProject
Global
	GlobalSection(SolutionConfigurationPlatforms) = preSolution
		Debug|Any CPU = Debug|Any CPU
		Release|Any CPU = Release|Any CPU
	EndGlobalSection
	GlobalSection(ProjectConfigurationPlatforms) = postSolution
		{400B4AF9-A262-4164-8FFC-F2CC4C2CA951}.Debug|Any CPU.ActiveCfg = Debug|Any CPU
		{400B4AF9-A262-4164-8FFC-F2CC4C2CA951}.Debug|Any CPU.Build.0 = Debug|Any CPU
		{400B4AF9-A262-4164-8FFC-F2CC4C2CA951}.Release|Any CPU.ActiveCfg = Release|Any CPU
		{400B4AF9-A262-4164-8FFC-F2CC4C2CA951}.Release|Any CPU.Build.0 = Release|Any CPU
		{7EFED444-515E-477F-8340-508FC85F3E86}.Debug|Any CPU.ActiveCfg = Debug|Any CPU
		{7EFED444-515E-477F-8340-508FC85F3E86}.Debug|Any CPU.Build.0 = Debug|Any CPU
		{7EFED444-515E-477F-8340-508FC85F3E86}.Release|Any CPU.ActiveCfg = Release|Any CPU
		{7EFED444-515E-477F-8340-508FC85F3E86}.Release|Any CPU.Build.0 = Release|Any CPU
	EndGlobalSection
	GlobalSection(SolutionProperties) = preSolution
		HideSolutionNode = FALSE
	EndGlobalSection
	GlobalSection(ExtensibilityGlobals) = postSolution
		SolutionGuid = {47780340-ED5C-49A0-99B6-C6A4BDD99789}
	EndGlobalSection
EndGlobal
